// !$*UTF8*$!
{
	archiveVersion = 1;
	classes = {
	};
	objectVersion = 56;
	objects = {

/* Begin PBXBuildFile section */
		04B21D8629FF344300F67CAD /* AppDelegate.swift in Sources */ = {isa = PBXBuildFile; fileRef = 04B21D8529FF344300F67CAD /* AppDelegate.swift */; };
		04B21D8829FF344300F67CAD /* SceneDelegate.swift in Sources */ = {isa = PBXBuildFile; fileRef = 04B21D8729FF344300F67CAD /* SceneDelegate.swift */; };
		04B21D8A29FF344300F67CAD /* ViewController.swift in Sources */ = {isa = PBXBuildFile; fileRef = 04B21D8929FF344300F67CAD /* ViewController.swift */; };
		04B21D8D29FF344300F67CAD /* Main.storyboard in Resources */ = {isa = PBXBuildFile; fileRef = 04B21D8B29FF344300F67CAD /* Main.storyboard */; };
		04B21D8F29FF344500F67CAD /* Assets.xcassets in Resources */ = {isa = PBXBuildFile; fileRef = 04B21D8E29FF344500F67CAD /* Assets.xcassets */; };
		04B21D9229FF344500F67CAD /* LaunchScreen.storyboard in Resources */ = {isa = PBXBuildFile; fileRef = 04B21D9029FF344500F67CAD /* LaunchScreen.storyboard */; };
		04C7DE7929FF37F300EDDD23 /* APICaller.swift in Sources */ = {isa = PBXBuildFile; fileRef = 04C7DE7829FF37F300EDDD23 /* APICaller.swift */; };
		04C7DE7B29FF43D400EDDD23 /* NewsTableViewCell.swift in Sources */ = {isa = PBXBuildFile; fileRef = 04C7DE7A29FF43D400EDDD23 /* NewsTableViewCell.swift */; };
/* End PBXBuildFile section */

/* Begin PBXFileReference section */
		04B21D8229FF344300F67CAD /* What'sGoingOn?.app */ = {isa = PBXFileReference; explicitFileType = wrapper.application; includeInIndex = 0; path = "What'sGoingOn?.app"; sourceTree = BUILT_PRODUCTS_DIR; };
		04B21D8529FF344300F67CAD /* AppDelegate.swift */ = {isa = PBXFileReference; lastKnownFileType = sourcecode.swift; path = AppDelegate.swift; sourceTree = "<group>"; };
		04B21D8729FF344300F67CAD /* SceneDelegate.swift */ = {isa = PBXFileReference; lastKnownFileType = sourcecode.swift; path = SceneDelegate.swift; sourceTree = "<group>"; };
		04B21D8929FF344300F67CAD /* ViewController.swift */ = {isa = PBXFileReference; lastKnownFileType = sourcecode.swift; path = ViewController.swift; sourceTree = "<group>"; };
		04B21D8C29FF344300F67CAD /* Base */ = {isa = PBXFileReference; lastKnownFileType = file.storyboard; name = Base; path = Base.lproj/Main.storyboard; sourceTree = "<group>"; };
		04B21D8E29FF344500F67CAD /* Assets.xcassets */ = {isa = PBXFileReference; lastKnownFileType = folder.assetcatalog; path = Assets.xcassets; sourceTree = "<group>"; };
		04B21D9129FF344500F67CAD /* Base */ = {isa = PBXFileReference; lastKnownFileType = file.storyboard; name = Base; path = Base.lproj/LaunchScreen.storyboard; sourceTree = "<group>"; };
		04B21D9329FF344500F67CAD /* Info.plist */ = {isa = PBXFileReference; lastKnownFileType = text.plist.xml; path = Info.plist; sourceTree = "<group>"; };
		04C7DE7829FF37F300EDDD23 /* APICaller.swift */ = {isa = PBXFileReference; lastKnownFileType = sourcecode.swift; path = APICaller.swift; sourceTree = "<group>"; };
		04C7DE7A29FF43D400EDDD23 /* NewsTableViewCell.swift */ = {isa = PBXFileReference; lastKnownFileType = sourcecode.swift; path = NewsTableViewCell.swift; sourceTree = "<group>"; };
/* End PBXFileReference section */

/* Begin PBXFrameworksBuildPhase section */
		04B21D7F29FF344300F67CAD /* Frameworks */ = {
			isa = PBXFrameworksBuildPhase;
			buildActionMask = 2147483647;
			files = (
			);
			runOnlyForDeploymentPostprocessing = 0;
		};
/* End PBXFrameworksBuildPhase section */

/* Begin PBXGroup section */
		04B21D7929FF344300F67CAD = {
			isa = PBXGroup;
			children = (
				04B21D8429FF344300F67CAD /* What'sGoingOn? */,
				04B21D8329FF344300F67CAD /* Products */,
			);
			sourceTree = "<group>";
		};
		04B21D8329FF344300F67CAD /* Products */ = {
			isa = PBXGroup;
			children = (
				04B21D8229FF344300F67CAD /* What'sGoingOn?.app */,
			);
			name = Products;
			sourceTree = "<group>";
		};
		04B21D8429FF344300F67CAD /* What'sGoingOn? */ = {
			isa = PBXGroup;
			children = (
				04B21D8529FF344300F67CAD /* AppDelegate.swift */,
				04C7DE7829FF37F300EDDD23 /* APICaller.swift */,
				04B21D8729FF344300F67CAD /* SceneDelegate.swift */,
				04B21D8929FF344300F67CAD /* ViewController.swift */,
				04B21D8B29FF344300F67CAD /* Main.storyboard */,
				04B21D8E29FF344500F67CAD /* Assets.xcassets */,
				04B21D9029FF344500F67CAD /* LaunchScreen.storyboard */,
				04B21D9329FF344500F67CAD /* Info.plist */,
				04C7DE7A29FF43D400EDDD23 /* NewsTableViewCell.swift */,
			);
			path = "What'sGoingOn?";
			sourceTree = "<group>";
		};
/* End PBXGroup section */

/* Begin PBXNativeTarget section */
		04B21D8129FF344300F67CAD /* What'sGoingOn? */ = {
			isa = PBXNativeTarget;
			buildConfigurationList = 04B21D9629FF344500F67CAD /* Build configuration list for PBXNativeTarget "What'sGoingOn?" */;
			buildPhases = (
				04B21D7E29FF344300F67CAD /* Sources */,
				04B21D7F29FF344300F67CAD /* Frameworks */,
				04B21D8029FF344300F67CAD /* Resources */,
			);
			buildRules = (
			);
			dependencies = (
			);
			name = "What'sGoingOn?";
			productName = "What'sGoingOn?";
			productReference = 04B21D8229FF344300F67CAD /* What'sGoingOn?.app */;
			productType = "com.apple.product-type.application";
		};
/* End PBXNativeTarget section */

/* Begin PBXProject section */
		04B21D7A29FF344300F67CAD /* Project object */ = {
			isa = PBXProject;
			attributes = {
				BuildIndependentTargetsInParallel = 1;
				LastSwiftUpdateCheck = 1420;
				LastUpgradeCheck = 1420;
				TargetAttributes = {
					04B21D8129FF344300F67CAD = {
						CreatedOnToolsVersion = 14.2;
					};
				};
			};
			buildConfigurationList = 04B21D7D29FF344300F67CAD /* Build configuration list for PBXProject "What'sGoingOn?" */;
			compatibilityVersion = "Xcode 14.0";
			developmentRegion = en;
			hasScannedForEncodings = 0;
			knownRegions = (
				en,
				Base,
			);
			mainGroup = 04B21D7929FF344300F67CAD;
			productRefGroup = 04B21D8329FF344300F67CAD /* Products */;
			projectDirPath = "";
			projectRoot = "";
			targets = (
				04B21D8129FF344300F67CAD /* What'sGoingOn? */,
			);
		};
/* End PBXProject section */

/* Begin PBXResourcesBuildPhase section */
		04B21D8029FF344300F67CAD /* Resources */ = {
			isa = PBXResourcesBuildPhase;
			buildActionMask = 2147483647;
			files = (
				04B21D9229FF344500F67CAD /* LaunchScreen.storyboard in Resources */,
				04B21D8F29FF344500F67CAD /* Assets.xcassets in Resources */,
				04B21D8D29FF344300F67CAD /* Main.storyboard in Resources */,
			);
			runOnlyForDeploymentPostprocessing = 0;
		};
/* End PBXResourcesBuildPhase section */

/* Begin PBXSourcesBuildPhase section */
		04B21D7E29FF344300F67CAD /* Sources */ = {
			isa = PBXSourcesBuildPhase;
			buildActionMask = 2147483647;
			files = (
				04B21D8A29FF344300F67CAD /* ViewController.swift in Sources */,
				04B21D8629FF344300F67CAD /* AppDelegate.swift in Sources */,
				04C7DE7B29FF43D400EDDD23 /* NewsTableViewCell.swift in Sources */,
				04B21D8829FF344300F67CAD /* SceneDelegate.swift in Sources */,
				04C7DE7929FF37F300EDDD23 /* APICaller.swift in Sources */,
			);
			runOnlyForDeploymentPostprocessing = 0;
		};
/* End PBXSourcesBuildPhase section */

/* Begin PBXVariantGroup section */
		04B21D8B29FF344300F67CAD /* Main.storyboard */ = {
			isa = PBXVariantGroup;
			children = (
				04B21D8C29FF344300F67CAD /* Base */,
			);
			name = Main.storyboard;
			sourceTree = "<group>";
		};
		04B21D9029FF344500F67CAD /* LaunchScreen.storyboard */ = {
			isa = PBXVariantGroup;
			children = (
				04B21D9129FF344500F67CAD /* Base */,
			);
			name = LaunchScreen.storyboard;
			sourceTree = "<group>";
		};
/* End PBXVariantGroup section */

/* Begin XCBuildConfiguration section */
		04B21D9429FF344500F67CAD /* Debug */ = {
			isa = XCBuildConfiguration;
			buildSettings = {
				ALWAYS_SEARCH_USER_PATHS = NO;
				CLANG_ANALYZER_NONNULL = YES;
				CLANG_ANALYZER_NUMBER_OBJECT_CONVERSION = YES_AGGRESSIVE;
				CLANG_CXX_LANGUAGE_STANDARD = "gnu++20";
				CLANG_ENABLE_MODULES = YES;
				CLANG_ENABLE_OBJC_ARC = YES;
				CLANG_ENABLE_OBJC_WEAK = YES;
				CLANG_WARN_BLOCK_CAPTURE_AUTORELEASING = YES;
				CLANG_WARN_BOOL_CONVERSION = YES;
				CLANG_WARN_COMMA = YES;
				CLANG_WARN_CONSTANT_CONVERSION = YES;
				CLANG_WARN_DEPRECATED_OBJC_IMPLEMENTATIONS = YES;
				CLANG_WARN_DIRECT_OBJC_ISA_USAGE = YES_ERROR;
				CLANG_WARN_DOCUMENTATION_COMMENTS = YES;
				CLANG_WARN_EMPTY_BODY = YES;
				CLANG_WARN_ENUM_CONVERSION = YES;
				CLANG_WARN_INFINITE_RECURSION = YES;
				CLANG_WARN_INT_CONVERSION = YES;
				CLANG_WARN_NON_LITERAL_NULL_CONVERSION = YES;
				CLANG_WARN_OBJC_IMPLICIT_RETAIN_SELF = YES;
				CLANG_WARN_OBJC_LITERAL_CONVERSION = YES;
				CLANG_WARN_OBJC_ROOT_CLASS = YES_ERROR;
				CLANG_WARN_QUOTED_INCLUDE_IN_FRAMEWORK_HEADER = YES;
				CLANG_WARN_RANGE_LOOP_ANALYSIS = YES;
				CLANG_WARN_STRICT_PROTOTYPES = YES;
				CLANG_WARN_SUSPICIOUS_MOVE = YES;
				CLANG_WARN_UNGUARDED_AVAILABILITY = YES_AGGRESSIVE;
				CLANG_WARN_UNREACHABLE_CODE = YES;
				CLANG_WARN__DUPLICATE_METHOD_MATCH = YES;
				COPY_PHASE_STRIP = NO;
				DEBUG_INFORMATION_FORMAT = dwarf;
				ENABLE_STRICT_OBJC_MSGSEND = YES;
				ENABLE_TESTABILITY = YES;
				GCC_C_LANGUAGE_STANDARD = gnu11;
				GCC_DYNAMIC_NO_PIC = NO;
				GCC_NO_COMMON_BLOCKS = YES;
				GCC_OPTIMIZATION_LEVEL = 0;
				GCC_PREPROCESSOR_DEFINITIONS = (
					"DEBUG=1",
					"$(inherited)",
				);
				GCC_WARN_64_TO_32_BIT_CONVERSION = YES;
				GCC_WARN_ABOUT_RETURN_TYPE = YES_ERROR;
				GCC_WARN_UNDECLARED_SELECTOR = YES;
				GCC_WARN_UNINITIALIZED_AUTOS = YES_AGGRESSIVE;
				GCC_WARN_UNUSED_FUNCTION = YES;
				GCC_WARN_UNUSED_VARIABLE = YES;
				IPHONEOS_DEPLOYMENT_TARGET = 16.2;
				MTL_ENABLE_DEBUG_INFO = INCLUDE_SOURCE;
				MTL_FAST_MATH = YES;
				ONLY_ACTIVE_ARCH = YES;
				SDKROOT = iphoneos;
				SWIFT_ACTIVE_COMPILATION_CONDITIONS = DEBUG;
				SWIFT_OPTIMIZATION_LEVEL = "-Onone";
			};
			name = Debug;
		};
		04B21D9529FF344500F67CAD /* Release */ = {
			isa = XCBuildConfiguration;
			buildSettings = {
				ALWAYS_SEARCH_USER_PATHS = NO;
				CLANG_ANALYZER_NONNULL = YES;
				CLANG_ANALYZER_NUMBER_OBJECT_CONVERSION = YES_AGGRESSIVE;
				CLANG_CXX_LANGUAGE_STANDARD = "gnu++20";
				CLANG_ENABLE_MODULES = YES;
				CLANG_ENABLE_OBJC_ARC = YES;
				CLANG_ENABLE_OBJC_WEAK = YES;
				CLANG_WARN_BLOCK_CAPTURE_AUTORELEASING = YES;
				CLANG_WARN_BOOL_CONVERSION = YES;
				CLANG_WARN_COMMA = YES;
				CLANG_WARN_CONSTANT_CONVERSION = YES;
				CLANG_WARN_DEPRECATED_OBJC_IMPLEMENTATIONS = YES;
				CLANG_WARN_DIRECT_OBJC_ISA_USAGE = YES_ERROR;
				CLANG_WARN_DOCUMENTATION_COMMENTS = YES;
				CLANG_WARN_EMPTY_BODY = YES;
				CLANG_WARN_ENUM_CONVERSION = YES;
				CLANG_WARN_INFINITE_RECURSION = YES;
				CLANG_WARN_INT_CONVERSION = YES;
				CLANG_WARN_NON_LITERAL_NULL_CONVERSION = YES;
				CLANG_WARN_OBJC_IMPLICIT_RETAIN_SELF = YES;
				CLANG_WARN_OBJC_LITERAL_CONVERSION = YES;
				CLANG_WARN_OBJC_ROOT_CLASS = YES_ERROR;
				CLANG_WARN_QUOTED_INCLUDE_IN_FRAMEWORK_HEADER = YES;
				CLANG_WARN_RANGE_LOOP_ANALYSIS = YES;
				CLANG_WARN_STRICT_PROTOTYPES = YES;
				CLANG_WARN_SUSPICIOUS_MOVE = YES;
				CLANG_WARN_UNGUARDED_AVAILABILITY = YES_AGGRESSIVE;
				CLANG_WARN_UNREACHABLE_CODE = YES;
				CLANG_WARN__DUPLICATE_METHOD_MATCH = YES;
				COPY_PHASE_STRIP = NO;
				DEBUG_INFORMATION_FORMAT = "dwarf-with-dsym";
				ENABLE_NS_ASSERTIONS = NO;
				ENABLE_STRICT_OBJC_MSGSEND = YES;
				GCC_C_LANGUAGE_STANDARD = gnu11;
				GCC_NO_COMMON_BLOCKS = YES;
				GCC_WARN_64_TO_32_BIT_CONVERSION = YES;
				GCC_WARN_ABOUT_RETURN_TYPE = YES_ERROR;
				GCC_WARN_UNDECLARED_SELECTOR = YES;
				GCC_WARN_UNINITIALIZED_AUTOS = YES_AGGRESSIVE;
				GCC_WARN_UNUSED_FUNCTION = YES;
				GCC_WARN_UNUSED_VARIABLE = YES;
				IPHONEOS_DEPLOYMENT_TARGET = 16.2;
				MTL_ENABLE_DEBUG_INFO = NO;
				MTL_FAST_MATH = YES;
				SDKROOT = iphoneos;
				SWIFT_COMPILATION_MODE = wholemodule;
				SWIFT_OPTIMIZATION_LEVEL = "-O";
				VALIDATE_PRODUCT = YES;
			};
			name = Release;
		};
		04B21D9729FF344500F67CAD /* Debug */ = {
			isa = XCBuildConfiguration;
			buildSettings = {
				ASSETCATALOG_COMPILER_APPICON_NAME = AppIcon;
				ASSETCATALOG_COMPILER_GLOBAL_ACCENT_COLOR_NAME = AccentColor;
				CODE_SIGN_STYLE = Automatic;
				CURRENT_PROJECT_VERSION = 1;
				DEVELOPMENT_TEAM = D87B7AP28Q;
				GENERATE_INFOPLIST_FILE = YES;
				INFOPLIST_FILE = "What'sGoingOn?/Info.plist";
				INFOPLIST_KEY_UIApplicationSupportsIndirectInputEvents = YES;
				INFOPLIST_KEY_UILaunchStoryboardName = LaunchScreen;
				INFOPLIST_KEY_UIMainStoryboardFile = Main;
				INFOPLIST_KEY_UISupportedInterfaceOrientations_iPad = "UIInterfaceOrientationPortrait UIInterfaceOrientationPortraitUpsideDown UIInterfaceOrientationLandscapeLeft UIInterfaceOrientationLandscapeRight";
				INFOPLIST_KEY_UISupportedInterfaceOrientations_iPhone = "UIInterfaceOrientationPortrait UIInterfaceOrientationLandscapeLeft UIInterfaceOrientationLandscapeRight";
				LD_RUNPATH_SEARCH_PATHS = (
					"$(inherited)",
					"@executable_path/Frameworks",
				);
				MARKETING_VERSION = 1.0;
				PRODUCT_BUNDLE_IDENTIFIER = "com.chswe.What-sGoingOn-";
				PRODUCT_NAME = "$(TARGET_NAME)";
				SWIFT_EMIT_LOC_STRINGS = YES;
				SWIFT_VERSION = 5.0;
				TARGETED_DEVICE_FAMILY = "1,2";
			};
			name = Debug;
		};
		04B21D9829FF344500F67CAD /* Release */ = {
			isa = XCBuildConfiguration;
			buildSettings = {
				ASSETCATALOG_COMPILER_APPICON_NAME = AppIcon;
				ASSETCATALOG_COMPILER_GLOBAL_ACCENT_COLOR_NAME = AccentColor;
				CODE_SIGN_STYLE = Automatic;
				CURRENT_PROJECT_VERSION = 1;
				DEVELOPMENT_TEAM = D87B7AP28Q;
				GENERATE_INFOPLIST_FILE = YES;
				INFOPLIST_FILE = "What'sGoingOn?/Info.plist";
				INFOPLIST_KEY_UIApplicationSupportsIndirectInputEvents = YES;
				INFOPLIST_KEY_UILaunchStoryboardName = LaunchScreen;
				INFOPLIST_KEY_UIMainStoryboardFile = Main;
				INFOPLIST_KEY_UISupportedInterfaceOrientations_iPad = "UIInterfaceOrientationPortrait UIInterfaceOrientationPortraitUpsideDown UIInterfaceOrientationLandscapeLeft UIInterfaceOrientationLandscapeRight";
				INFOPLIST_KEY_UISupportedInterfaceOrientations_iPhone = "UIInterfaceOrientationPortrait UIInterfaceOrientationLandscapeLeft UIInterfaceOrientationLandscapeRight";
				LD_RUNPATH_SEARCH_PATHS = (
					"$(inherited)",
					"@executable_path/Frameworks",
				);
				MARKETING_VERSION = 1.0;
				PRODUCT_BUNDLE_IDENTIFIER = "com.chswe.What-sGoingOn-";
				PRODUCT_NAME = "$(TARGET_NAME)";
				SWIFT_EMIT_LOC_STRINGS = YES;
				SWIFT_VERSION = 5.0;
				TARGETED_DEVICE_FAMILY = "1,2";
			};
			name = Release;
		};
/* End XCBuildConfiguration section */

/* Begin XCConfigurationList section */
		04B21D7D29FF344300F67CAD /* Build configuration list for PBXProject "What'sGoingOn?" */ = {
			isa = XCConfigurationList;
			buildConfigurations = (
				04B21D9429FF344500F67CAD /* Debug */,
				04B21D9529FF344500F67CAD /* Release */,
			);
			defaultConfigurationIsVisible = 0;
			defaultConfigurationName = Release;
		};
		04B21D9629FF344500F67CAD /* Build configuration list for PBXNativeTarget "What'sGoingOn?" */ = {
			isa = XCConfigurationList;
			buildConfigurations = (
				04B21D9729FF344500F67CAD /* Debug */,
				04B21D9829FF344500F67CAD /* Release */,
			);
			defaultConfigurationIsVisible = 0;
			defaultConfigurationName = Release;
		};
/* End XCConfigurationList section */
	};
	rootObject = 04B21D7A29FF344300F67CAD /* Project object */;
}
